
Microsoft Visual Studio Solution File, Format Version 12.00
# Visual Studio Version 17
VisualStudioVersion = 17.14.37411.7 d17.14
MinimumVisualStudioVersion = 10.0.40219.1
Project("{FAE04EC0-301F-11D3-BF4B-00C04F79EFBC}") = "3_Collections", "3_Collections.csproj", "{CE5E5099-0E94-4165-90A9-CB7CF7E1BDDE}"
EndProject
Global
	GlobalSection(SolutionConfigurationPlatforms) = preSolution
		Debug|Any CPU = Debug|Any CPU
		Release|Any CPU = Release|Any CPU
	EndGlobalSection
	GlobalSection(ProjectConfigurationPlatforms) = postSolution
		{CE5E5099-0E94-4165-90A9-CB7CF7E1BDDE}.Debug|Any CPU.ActiveCfg = Debug|Any CPU
		{CE5E5099-0E94-4165-90A9-CB7CF7E1BDDE}.Debug|Any CPU.Build.0 = Debug|Any CPU
		{CE5E5099-0E94-4165-90A9-CB7CF7E1BDDE}.Release|Any CPU.ActiveCfg = Release|Any CPU
		{CE5E5099-0E94-4165-90A9-CB7CF7E1BDDE}.Release|Any CPU.Build.0 = Release|Any CPU
	EndGlobalSection
	GlobalSection(SolutionProperties) = preSolution
		HideSolutionNode = FALSE
	EndGlobalSection
	GlobalSection(ExtensibilityGlobals) = postSolution
		SolutionGuid = {4EFF7FF7-2ABC-44ED-95E3-9B8AAD2F3E5F}
	EndGlobalSection
EndGlobal
